github.com/ringsaturn/go-cities.json v0.6.13 h1:p5afPcJ/tEE6uzFCOzLSHJYXgWnGdPmwZB9KBrEASxc=
github.com/ringsaturn/go-cities.json v0.6.13/go.mod h1:VtklT4Sod9i6kvXXNZV63sfjeCX9l11OQfaAvPu+p4M=
github.com/ringsaturn/orb v0.15.0 h1:+jLFo3JzHX2yg5kILpfcLHokKXywqNHBtgEDo6SJOuk=
github.com/ringsaturn/orb v0.15.0/go.mod h1:kF8F7MSKFRPm0HxTzlLz8k/jkexsV3MVcultHKVFmzg=
github.com/ringsaturn/tzf-dist v0.0.2026-c-tzb1 h1:8MTD8pncCXXhuINbHjwmiGUeHRKmw+t041kO+2cfjjc=
github.com/ringsaturn/tzf-dist v0.0.2026-c-tzb1/go.mod h1:MLn3mRLioai5ceZLV8k+uAr4cLxdVEHoTQIGKpuVS/c=
github.com/tidwall/cities v0.1.0 h1:CVNkmMf7NEC9Bvokf5GoSsArHCKRMTgLuubRTHnH0mE=
github.com/tidwall/cities v0.1.0/go.mod h1:lV/HDp2gCcRcHJWqgt6Di54GiDrTZwh1aG2ZUPNbqa4=
github.com/tidwall/geoindex v1.7.0 h1:jtk41sfgwIt8MEDyC3xyKSj75iXXf6rjReJGDNPtR5o=
github.com/tidwall/geoindex v1.7.0/go.mod h1:rvVVNEFfkJVWGUdEfU8QaoOg/9zFX0h9ofWzA60mz1I=
github.com/tidwall/lotsa v1.0.2 h1:dNVBH5MErdaQ/xd9s769R31/n2dXavsQ0Yf4TMEHHw8=
github.com/tidwall/lotsa v1.0.2/go.mod h1:X6NiU+4yHA3fE3Puvpnn1XMDrFZrE9JO2/w+UMuqgR8=
github.com/tidwall/rtree v1.11.1 h1:Rsy9+LvduwOALW3QjW6Wsg3bNkxEZ82QsIClyl2HznY=
github.com/tidwall/rtree v1.11.1/go.mod h1:9ZTMZJGMIG0/QI2hlCS0LQM/bULKMnK3cruKip+9BiQ=
golang.org/x/sync v0.22.0 h1:SZjpbeLmrCk4xhRSZFNZW5gFUeCeFgjekvI/+gfScek=
golang.org/x/sync v0.22.0/go.mod h1:9xrNwdLfx4jkKbNva9FpL6vEN7evnE43NNNJQ2LF3+0=
